
Microsoft Visual Studio Solution File, Format Version 12.00
# Visual Studio Version 16
VisualStudioVersion = 16.0.29424.173
MinimumVisualStudioVersion = 10.0.40219.1
Project("{FAE04EC0-301F-11D3-BF4B-00C04F79EFBC}") = "AgentBaseModelling", "AgentBaseModelling\AgentBaseModelling.csproj", "{EA1A5E21-55F2-4AA7-AFE0-F35A816C9D20}"
EndProject
Global
	GlobalSection(SolutionConfigurationPlatforms) = preSolution
		Debug|Any CPU = Debug|Any CPU
		Release|Any CPU = Release|Any CPU
	EndGlobalSection
	GlobalSection(ProjectConfigurationPlatforms) = postSolution
		{EA1A5E21-55F2-4AA7-AFE0-F35A816C9D20}.Debug|Any CPU.ActiveCfg = Debug|Any CPU
		{EA1A5E21-55F2-4AA7-AFE0-F35A816C9D20}.Debug|Any CPU.Build.0 = Debug|Any CPU
		{EA1A5E21-55F2-4AA7-AFE0-F35A816C9D20}.Release|Any CPU.ActiveCfg = Release|Any CPU
		{EA1A5E21-55F2-4AA7-AFE0-F35A816C9D20}.Release|Any CPU.Build.0 = Release|Any CPU
	EndGlobalSection
	GlobalSection(SolutionProperties) = preSolution
		HideSolutionNode = FALSE
	EndGlobalSection
	GlobalSection(ExtensibilityGlobals) = postSolution
		SolutionGuid = {DA9394FA-D5C8-4EFB-8832-7E6112ED954B}
	EndGlobalSection
EndGlobal
