
Microsoft Visual Studio Solution File, Format Version 12.00
# Visual Studio Version 16
VisualStudioVersion = 16.0.29424.173
MinimumVisualStudioVersion = 10.0.40219.1
Project("{FAE04EC0-301F-11D3-BF4B-00C04F79EFBC}") = "AgentBasedModelling", "AgentBasedModelling\AgentBasedModelling.csproj", "{94FF326A-3445-459E-BE46-98ECB9C9A535}"
EndProject
Global
	GlobalSection(SolutionConfigurationPlatforms) = preSolution
		Debug|Any CPU = Debug|Any CPU
		Release|Any CPU = Release|Any CPU
	EndGlobalSection
	GlobalSection(ProjectConfigurationPlatforms) = postSolution
		{94FF326A-3445-459E-BE46-98ECB9C9A535}.Debug|Any CPU.ActiveCfg = Debug|Any CPU
		{94FF326A-3445-459E-BE46-98ECB9C9A535}.Debug|Any CPU.Build.0 = Debug|Any CPU
		{94FF326A-3445-459E-BE46-98ECB9C9A535}.Release|Any CPU.ActiveCfg = Release|Any CPU
		{94FF326A-3445-459E-BE46-98ECB9C9A535}.Release|Any CPU.Build.0 = Release|Any CPU
	EndGlobalSection
	GlobalSection(SolutionProperties) = preSolution
		HideSolutionNode = FALSE
	EndGlobalSection
	GlobalSection(ExtensibilityGlobals) = postSolution
		SolutionGuid = {646B4FCC-A4D7-4B07-A866-A00DA7CD17A5}
	EndGlobalSection
EndGlobal
